<Solution>
  <Folder Name="/Applications/">
    <Project Path="src/Applications/Yildiz.CRM.Applications/Yildiz.CRM.Applications.csproj" />
  </Folder>
  <Folder Name="/Domains/">
    <Project Path="src/Domains/Base.Domains/Base.Domains.csproj" Id="18eb66f3-fb49-4737-871f-fb0f68e136b8" />
    <Project Path="src/Domains/Yildiz.CRM.Domains/Yildiz.CRM.Domains.csproj" />
  </Folder>
  <Folder Name="/Infrastructures/">
    <Project Path="src/Infrastructures/Yildz.CRM.Infrastructures/Yildz.CRM.Infrastructures.csproj" Id="11fbde48-7458-4d54-b05f-c9f3821a02ef" />
  </Folder>
  <Folder Name="/Presentations/">
    <Project Path="src/Presentations/Yildiz.CRM.Api/Yildiz.CRM.Api.csproj" />
  </Folder>
  <Folder Name="/UnitTest/" Id="0ab3bf05-4346-4aa6-1389-037be0695223">
    <Project Path="tests/Yildiz.CRM.Tests/Yildiz.CRM.Tests.csproj" />
  </Folder>
</Solution>
